
Microsoft Visual Studio Solution File, Format Version 12.00
# Visual Studio Version 16
VisualStudioVersion = 16.0.31205.134
MinimumVisualStudioVersion = 10.0.40219.1
Project("{8BC9CEB8-8B4A-11D0-8D11-00A0C91BC942}") = "Laba3_ocean", "Laba3_ocean\Laba3_ocean.vcxproj", "{971A33EF-C953-45E8-8E6B-575BD7CBB49E}"
EndProject
Global
	GlobalSection(SolutionConfigurationPlatforms) = preSolution
		Debug|x64 = Debug|x64
		Debug|x86 = Debug|x86
		Release|x64 = Release|x64
		Release|x86 = Release|x86
	EndGlobalSection
	GlobalSection(ProjectConfigurationPlatforms) = postSolution
		{971A33EF-C953-45E8-8E6B-575BD7CBB49E}.Debug|x64.ActiveCfg = Debug|x64
		{971A33EF-C953-45E8-8E6B-575BD7CBB49E}.Debug|x64.Build.0 = Debug|x64
		{971A33EF-C953-45E8-8E6B-575BD7CBB49E}.Debug|x86.ActiveCfg = Debug|Win32
		{971A33EF-C953-45E8-8E6B-575BD7CBB49E}.Debug|x86.Build.0 = Debug|Win32
		{971A33EF-C953-45E8-8E6B-575BD7CBB49E}.Release|x64.ActiveCfg = Release|x64
		{971A33EF-C953-45E8-8E6B-575BD7CBB49E}.Release|x64.Build.0 = Release|x64
		{971A33EF-C953-45E8-8E6B-575BD7CBB49E}.Release|x86.ActiveCfg = Release|Win32
		{971A33EF-C953-45E8-8E6B-575BD7CBB49E}.Release|x86.Build.0 = Release|Win32
	EndGlobalSection
	GlobalSection(SolutionProperties) = preSolution
		HideSolutionNode = FALSE
	EndGlobalSection
	GlobalSection(ExtensibilityGlobals) = postSolution
		SolutionGuid = {6EC50DD0-123A-4018-980B-1021E6FF43D1}
	EndGlobalSection
EndGlobal
